# THIS IS AN AUTOGENERATED FILE. DO NOT EDIT THIS FILE DIRECTLY.
# yarn lockfile v1


localstorage-cache@^1.0.1:
  version "1.0.1"
  resolved "https://registry.yarnpkg.com/localstorage-cache/-/localstorage-cache-1.0.1.tgz#34f797727ca621f9165e91fe83f72f620093fc2e"
  integrity sha512-gdIVs9etaD0uJB594ST0NzJGWvZn73HUMAvmD+2YYcQmWjtzcYDtWatnhvnvJ6qeaxScPjYj8/0KTwpc0IYeqg==
